
Microsoft Visual Studio Solution File, Format Version 12.00
# Visual Studio Version 17
VisualStudioVersion = 17.14.36121.58
MinimumVisualStudioVersion = 10.0.40219.1
Project("{FAE04EC0-301F-11D3-BF4B-00C04F79EFBC}") = "Mailify", "Mailify.csproj", "{069F1C42-79D3-4CD2-9332-5D6BB0C99244}"
EndProject
Global
	GlobalSection(SolutionConfigurationPlatforms) = preSolution
		Debug|Any CPU = Debug|Any CPU
		Release|Any CPU = Release|Any CPU
	EndGlobalSection
	GlobalSection(ProjectConfigurationPlatforms) = postSolution
		{069F1C42-79D3-4CD2-9332-5D6BB0C99244}.Debug|Any CPU.ActiveCfg = Debug|Any CPU
		{069F1C42-79D3-4CD2-9332-5D6BB0C99244}.Debug|Any CPU.Build.0 = Debug|Any CPU
		{069F1C42-79D3-4CD2-9332-5D6BB0C99244}.Release|Any CPU.ActiveCfg = Release|Any CPU
		{069F1C42-79D3-4CD2-9332-5D6BB0C99244}.Release|Any CPU.Build.0 = Release|Any CPU
	EndGlobalSection
	GlobalSection(SolutionProperties) = preSolution
		HideSolutionNode = FALSE
	EndGlobalSection
	GlobalSection(ExtensibilityGlobals) = postSolution
		SolutionGuid = {A52E300E-0150-482A-9154-B2E4C1F42920}
	EndGlobalSection
EndGlobal
